
Microsoft Visual Studio Solution File, Format Version 12.00
# Visual Studio Version 16
VisualStudioVersion = 16.0.34301.259
MinimumVisualStudioVersion = 10.0.40219.1
Project("{2150E333-8FDC-42A3-9474-1A3956D46DE8}") = "Task0", "Task0", "{BA719672-86CC-4AA6-A051-6EF41DC10916}"
EndProject
Project("{FAE04EC0-301F-11D3-BF4B-00C04F79EFBC}") = "Tyuiu.MusaevRS.Sprint1.Task0.V1.Lib", "Tyuiu.MusaevRS.Sprint1.Task0.V1.Lib\Tyuiu.MusaevRS.Sprint1.Task0.V1.Lib.csproj", "{A3DA20C3-5976-45FD-B4FA-A23F979CB2DB}"
EndProject
Project("{FAE04EC0-301F-11D3-BF4B-00C04F79EFBC}") = "Tyuiu.MusaevRS.Sprint1.Task0.V1.Test", "Tyuiu.MusaevRS.Sprint1.Task0.V1.Test\Tyuiu.MusaevRS.Sprint1.Task0.V1.Test.csproj", "{80135C1A-4004-4DEA-AA6D-FED8AC77CCA0}"
EndProject
Project("{FAE04EC0-301F-11D3-BF4B-00C04F79EFBC}") = "Tyuiu.MusaevRS.Sprint1.Task0.V1", "Tyuiu.MusaevRS.Sprint1.Task0.V1\Tyuiu.MusaevRS.Sprint1.Task0.V1.csproj", "{15B8437C-6CB0-4D89-AD0A-AC9DCD08F342}"
EndProject
Project("{2150E333-8FDC-42A3-9474-1A3956D46DE8}") = "Task1", "Task1", "{AA6499E4-5C39-43B6-8FB6-5C15376B41C7}"
EndProject
Project("{2150E333-8FDC-42A3-9474-1A3956D46DE8}") = "Task2", "Task2", "{6C21B377-D887-4604-BA31-BBEA54B6B8E9}"
EndProject
Project("{2150E333-8FDC-42A3-9474-1A3956D46DE8}") = "Task3", "Task3", "{6299AAB3-06A3-4609-822F-AF39D5420BFA}"
EndProject
Project("{2150E333-8FDC-42A3-9474-1A3956D46DE8}") = "Task4", "Task4", "{1A8FF6B8-E736-4584-99F1-A8CF22AE8073}"
EndProject
Project("{2150E333-8FDC-42A3-9474-1A3956D46DE8}") = "Task5", "Task5", "{78A82971-CC5E-46FA-8DEB-5617A322BEFA}"
EndProject
Project("{2150E333-8FDC-42A3-9474-1A3956D46DE8}") = "Task6", "Task6", "{06D2B561-9D82-4A6E-B389-908F956EAF0B}"
EndProject
Project("{2150E333-8FDC-42A3-9474-1A3956D46DE8}") = "Task7", "Task7", "{5BA5A6EC-1935-4358-BB3F-0D9F531A29EC}"
EndProject
Project("{FAE04EC0-301F-11D3-BF4B-00C04F79EFBC}") = "Tyuiu.MusaevRS.Sprint1.Task1.V2", "Tyuiu.MusaevRS.Sprint1.Task1.V2\Tyuiu.MusaevRS.Sprint1.Task1.V2.csproj", "{C1042F9E-B046-4FEF-B14F-A265B97E4AE9}"
EndProject
Project("{FAE04EC0-301F-11D3-BF4B-00C04F79EFBC}") = "Tyuiu.MusaevRS.Sprint1.Task1.V2.Test", "Tyuiu.MusaevRS.Sprint1.Task1.V2.Test\Tyuiu.MusaevRS.Sprint1.Task1.V2.Test.csproj", "{66654F90-59AA-45B6-BBF0-E237F1C71620}"
EndProject
Project("{FAE04EC0-301F-11D3-BF4B-00C04F79EFBC}") = "Tyuiu.MusaevRS.Sprint1.Task1.V2.Lib", "Tyuiu.MusaevRS.Sprint1.Task1.V2.Lib\Tyuiu.MusaevRS.Sprint1.Task1.V2.Lib.csproj", "{F864645F-3E2D-40C5-A81C-3DE4F29E1E01}"
EndProject
Project("{FAE04EC0-301F-11D3-BF4B-00C04F79EFBC}") = "Tyuiu.MusaevRS.Sprint1.Task2.V2.Lib", "Tyuiu.MusaevRS.Sprint1.Task2.V2.Lib\Tyuiu.MusaevRS.Sprint1.Task2.V2.Lib.csproj", "{56776B45-FF29-49BF-BD92-42B240DAEE9E}"
EndProject
Project("{FAE04EC0-301F-11D3-BF4B-00C04F79EFBC}") = "Tyuiu.MusaevRS.Sprint1.Task2.V2.Test", "Tyuiu.MusaevRS.Sprint1.Task2.V2.Test\Tyuiu.MusaevRS.Sprint1.Task2.V2.Test.csproj", "{3F68CA12-70D2-4E8F-86FE-79141500B7ED}"
EndProject
Project("{FAE04EC0-301F-11D3-BF4B-00C04F79EFBC}") = "Tyuiu.MusaevRS.Sprint1.Task2.V2", "Tyuiu.MusaevRS.Sprint1.Task2.V2\Tyuiu.MusaevRS.Sprint1.Task2.V2.csproj", "{E04CC65A-32E0-4233-995A-D5E5B29C5493}"
EndProject
Project("{FAE04EC0-301F-11D3-BF4B-00C04F79EFBC}") = "Tyuiu.MusaevRS.Sprint1.Task3.V4", "Tyuiu.MusaevRS.Sprint1.Task3.V4\Tyuiu.MusaevRS.Sprint1.Task3.V4.csproj", "{B873AC97-A099-4911-B8D5-D991F8A98765}"
EndProject
Project("{FAE04EC0-301F-11D3-BF4B-00C04F79EFBC}") = "Tyuiu.MusaevRS.Sprint1.Task3.V4.Test", "Tyuiu.MusaevRS.Sprint1.Task3.V4.Test\Tyuiu.MusaevRS.Sprint1.Task3.V4.Test.csproj", "{F0A15390-D98B-4747-B72E-F8797125B302}"
EndProject
Project("{FAE04EC0-301F-11D3-BF4B-00C04F79EFBC}") = "Tyuiu.MusaevRS.Sprint1.Task3.V4.Lib", "Tyuiu.MusaevRS.Sprint1.Task3.V4.Lib\Tyuiu.MusaevRS.Sprint1.Task3.V4.Lib.csproj", "{7A97734A-96D3-4277-B23B-3EAA6F3F30EA}"
EndProject
Global
	GlobalSection(SolutionConfigurationPlatforms) = preSolution
		Debug|Any CPU = Debug|Any CPU
		Release|Any CPU = Release|Any CPU
	EndGlobalSection
	GlobalSection(ProjectConfigurationPlatforms) = postSolution
		{A3DA20C3-5976-45FD-B4FA-A23F979CB2DB}.Debug|Any CPU.ActiveCfg = Debug|Any CPU
		{A3DA20C3-5976-45FD-B4FA-A23F979CB2DB}.Debug|Any CPU.Build.0 = Debug|Any CPU
		{A3DA20C3-5976-45FD-B4FA-A23F979CB2DB}.Release|Any CPU.ActiveCfg = Release|Any CPU
		{A3DA20C3-5976-45FD-B4FA-A23F979CB2DB}.Release|Any CPU.Build.0 = Release|Any CPU
		{80135C1A-4004-4DEA-AA6D-FED8AC77CCA0}.Debug|Any CPU.ActiveCfg = Debug|Any CPU
		{80135C1A-4004-4DEA-AA6D-FED8AC77CCA0}.Debug|Any CPU.Build.0 = Debug|Any CPU
		{80135C1A-4004-4DEA-AA6D-FED8AC77CCA0}.Release|Any CPU.ActiveCfg = Release|Any CPU
		{80135C1A-4004-4DEA-AA6D-FED8AC77CCA0}.Release|Any CPU.Build.0 = Release|Any CPU
		{15B8437C-6CB0-4D89-AD0A-AC9DCD08F342}.Debug|Any CPU.ActiveCfg = Debug|Any CPU
		{15B8437C-6CB0-4D89-AD0A-AC9DCD08F342}.Debug|Any CPU.Build.0 = Debug|Any CPU
		{15B8437C-6CB0-4D89-AD0A-AC9DCD08F342}.Release|Any CPU.ActiveCfg = Release|Any CPU
		{15B8437C-6CB0-4D89-AD0A-AC9DCD08F342}.Release|Any CPU.Build.0 = Release|Any CPU
		{C1042F9E-B046-4FEF-B14F-A265B97E4AE9}.Debug|Any CPU.ActiveCfg = Debug|Any CPU
		{C1042F9E-B046-4FEF-B14F-A265B97E4AE9}.Debug|Any CPU.Build.0 = Debug|Any CPU
		{C1042F9E-B046-4FEF-B14F-A265B97E4AE9}.Release|Any CPU.ActiveCfg = Release|Any CPU
		{C1042F9E-B046-4FEF-B14F-A265B97E4AE9}.Release|Any CPU.Build.0 = Release|Any CPU
		{66654F90-59AA-45B6-BBF0-E237F1C71620}.Debug|Any CPU.ActiveCfg = Debug|Any CPU
		{66654F90-59AA-45B6-BBF0-E237F1C71620}.Debug|Any CPU.Build.0 = Debug|Any CPU
		{66654F90-59AA-45B6-BBF0-E237F1C71620}.Release|Any CPU.ActiveCfg = Release|Any CPU
		{66654F90-59AA-45B6-BBF0-E237F1C71620}.Release|Any CPU.Build.0 = Release|Any CPU
		{F864645F-3E2D-40C5-A81C-3DE4F29E1E01}.Debug|Any CPU.ActiveCfg = Debug|Any CPU
		{F864645F-3E2D-40C5-A81C-3DE4F29E1E01}.Debug|Any CPU.Build.0 = Debug|Any CPU
		{F864645F-3E2D-40C5-A81C-3DE4F29E1E01}.Release|Any CPU.ActiveCfg = Release|Any CPU
		{F864645F-3E2D-40C5-A81C-3DE4F29E1E01}.Release|Any CPU.Build.0 = Release|Any CPU
		{56776B45-FF29-49BF-BD92-42B240DAEE9E}.Debug|Any CPU.ActiveCfg = Debug|Any CPU
		{56776B45-FF29-49BF-BD92-42B240DAEE9E}.Debug|Any CPU.Build.0 = Debug|Any CPU
		{56776B45-FF29-49BF-BD92-42B240DAEE9E}.Release|Any CPU.ActiveCfg = Release|Any CPU
		{56776B45-FF29-49BF-BD92-42B240DAEE9E}.Release|Any CPU.Build.0 = Release|Any CPU
		{3F68CA12-70D2-4E8F-86FE-79141500B7ED}.Debug|Any CPU.ActiveCfg = Debug|Any CPU
		{3F68CA12-70D2-4E8F-86FE-79141500B7ED}.Debug|Any CPU.Build.0 = Debug|Any CPU
		{3F68CA12-70D2-4E8F-86FE-79141500B7ED}.Release|Any CPU.ActiveCfg = Release|Any CPU
		{3F68CA12-70D2-4E8F-86FE-79141500B7ED}.Release|Any CPU.Build.0 = Release|Any CPU
		{E04CC65A-32E0-4233-995A-D5E5B29C5493}.Debug|Any CPU.ActiveCfg = Debug|Any CPU
		{E04CC65A-32E0-4233-995A-D5E5B29C5493}.Debug|Any CPU.Build.0 = Debug|Any CPU
		{E04CC65A-32E0-4233-995A-D5E5B29C5493}.Release|Any CPU.ActiveCfg = Release|Any CPU
		{E04CC65A-32E0-4233-995A-D5E5B29C5493}.Release|Any CPU.Build.0 = Release|Any CPU
		{B873AC97-A099-4911-B8D5-D991F8A98765}.Debug|Any CPU.ActiveCfg = Debug|Any CPU
		{B873AC97-A099-4911-B8D5-D991F8A98765}.Debug|Any CPU.Build.0 = Debug|Any CPU
		{B873AC97-A099-4911-B8D5-D991F8A98765}.Release|Any CPU.ActiveCfg = Release|Any CPU
		{B873AC97-A099-4911-B8D5-D991F8A98765}.Release|Any CPU.Build.0 = Release|Any CPU
		{F0A15390-D98B-4747-B72E-F8797125B302}.Debug|Any CPU.ActiveCfg = Debug|Any CPU
		{F0A15390-D98B-4747-B72E-F8797125B302}.Debug|Any CPU.Build.0 = Debug|Any CPU
		{F0A15390-D98B-4747-B72E-F8797125B302}.Release|Any CPU.ActiveCfg = Release|Any CPU
		{F0A15390-D98B-4747-B72E-F8797125B302}.Release|Any CPU.Build.0 = Release|Any CPU
		{7A97734A-96D3-4277-B23B-3EAA6F3F30EA}.Debug|Any CPU.ActiveCfg = Debug|Any CPU
		{7A97734A-96D3-4277-B23B-3EAA6F3F30EA}.Debug|Any CPU.Build.0 = Debug|Any CPU
		{7A97734A-96D3-4277-B23B-3EAA6F3F30EA}.Release|Any CPU.ActiveCfg = Release|Any CPU
		{7A97734A-96D3-4277-B23B-3EAA6F3F30EA}.Release|Any CPU.Build.0 = Release|Any CPU
	EndGlobalSection
	GlobalSection(SolutionProperties) = preSolution
		HideSolutionNode = FALSE
	EndGlobalSection
	GlobalSection(NestedProjects) = preSolution
		{A3DA20C3-5976-45FD-B4FA-A23F979CB2DB} = {BA719672-86CC-4AA6-A051-6EF41DC10916}
		{80135C1A-4004-4DEA-AA6D-FED8AC77CCA0} = {BA719672-86CC-4AA6-A051-6EF41DC10916}
		{15B8437C-6CB0-4D89-AD0A-AC9DCD08F342} = {BA719672-86CC-4AA6-A051-6EF41DC10916}
		{C1042F9E-B046-4FEF-B14F-A265B97E4AE9} = {AA6499E4-5C39-43B6-8FB6-5C15376B41C7}
		{66654F90-59AA-45B6-BBF0-E237F1C71620} = {AA6499E4-5C39-43B6-8FB6-5C15376B41C7}
		{F864645F-3E2D-40C5-A81C-3DE4F29E1E01} = {AA6499E4-5C39-43B6-8FB6-5C15376B41C7}
		{56776B45-FF29-49BF-BD92-42B240DAEE9E} = {6C21B377-D887-4604-BA31-BBEA54B6B8E9}
		{3F68CA12-70D2-4E8F-86FE-79141500B7ED} = {6C21B377-D887-4604-BA31-BBEA54B6B8E9}
		{E04CC65A-32E0-4233-995A-D5E5B29C5493} = {6C21B377-D887-4604-BA31-BBEA54B6B8E9}
		{B873AC97-A099-4911-B8D5-D991F8A98765} = {6299AAB3-06A3-4609-822F-AF39D5420BFA}
		{F0A15390-D98B-4747-B72E-F8797125B302} = {6299AAB3-06A3-4609-822F-AF39D5420BFA}
		{7A97734A-96D3-4277-B23B-3EAA6F3F30EA} = {6299AAB3-06A3-4609-822F-AF39D5420BFA}
	EndGlobalSection
	GlobalSection(ExtensibilityGlobals) = postSolution
		SolutionGuid = {4096DB53-2179-4A19-B44D-B96B547F758E}
	EndGlobalSection
EndGlobal
